// !$*UTF8*$!
{
	archiveVersion = 1;
	classes = {
	};
	objectVersion = 48;
	objects = {

/* Begin PBXBuildFile section */
		52605B3C2020AD21007367BE /* AppDelegate.swift in Sources */ = {isa = PBXBuildFile; fileRef = 52605B3B2020AD21007367BE /* AppDelegate.swift */; };
		52605B3E2020AD21007367BE /* IEMainVC.swift in Sources */ = {isa = PBXBuildFile; fileRef = 52605B3D2020AD21007367BE /* IEMainVC.swift */; };
		52605B412020AD21007367BE /* Main.storyboard in Resources */ = {isa = PBXBuildFile; fileRef = 52605B3F2020AD21007367BE /* Main.storyboard */; };
		52605B432020AD21007367BE /* Assets.xcassets in Resources */ = {isa = PBXBuildFile; fileRef = 52605B422020AD21007367BE /* Assets.xcassets */; };
		52605B462020AD21007367BE /* LaunchScreen.storyboard in Resources */ = {isa = PBXBuildFile; fileRef = 52605B442020AD21007367BE /* LaunchScreen.storyboard */; };
		52605B4F2020C420007367BE /* IEImageCell.swift in Sources */ = {isa = PBXBuildFile; fileRef = 52605B4E2020C420007367BE /* IEImageCell.swift */; };
		52E15EE92022831400C9B17C /* IEFilterExampleCell.swift in Sources */ = {isa = PBXBuildFile; fileRef = 52E15EE82022831400C9B17C /* IEFilterExampleCell.swift */; };
		52E15EEB2022843800C9B17C /* IEEditViewVC.swift in Sources */ = {isa = PBXBuildFile; fileRef = 52E15EEA2022843800C9B17C /* IEEditViewVC.swift */; };
/* End PBXBuildFile section */

/* Begin PBXFileReference section */
		52605B382020AD21007367BE /* ImageEditor.app */ = {isa = PBXFileReference; explicitFileType = wrapper.application; includeInIndex = 0; path = ImageEditor.app; sourceTree = BUILT_PRODUCTS_DIR; };
		52605B3B2020AD21007367BE /* AppDelegate.swift */ = {isa = PBXFileReference; lastKnownFileType = sourcecode.swift; path = AppDelegate.swift; sourceTree = "<group>"; };
		52605B3D2020AD21007367BE /* IEMainVC.swift */ = {isa = PBXFileReference; lastKnownFileType = sourcecode.swift; path = IEMainVC.swift; sourceTree = "<group>"; };
		52605B402020AD21007367BE /* Base */ = {isa = PBXFileReference; lastKnownFileType = file.storyboard; name = Base; path = Base.lproj/Main.storyboard; sourceTree = "<group>"; };
		52605B422020AD21007367BE /* Assets.xcassets */ = {isa = PBXFileReference; lastKnownFileType = folder.assetcatalog; path = Assets.xcassets; sourceTree = "<group>"; };
		52605B452020AD21007367BE /* Base */ = {isa = PBXFileReference; lastKnownFileType = file.storyboard; name = Base; path = Base.lproj/LaunchScreen.storyboard; sourceTree = "<group>"; };
		52605B472020AD21007367BE /* Info.plist */ = {isa = PBXFileReference; lastKnownFileType = text.plist.xml; path = Info.plist; sourceTree = "<group>"; };
		52605B4E2020C420007367BE /* IEImageCell.swift */ = {isa = PBXFileReference; lastKnownFileType = sourcecode.swift; path = IEImageCell.swift; sourceTree = "<group>"; };
		52E15EE82022831400C9B17C /* IEFilterExampleCell.swift */ = {isa = PBXFileReference; lastKnownFileType = sourcecode.swift; path = IEFilterExampleCell.swift; sourceTree = "<group>"; };
		52E15EEA2022843800C9B17C /* IEEditViewVC.swift */ = {isa = PBXFileReference; lastKnownFileType = sourcecode.swift; path = IEEditViewVC.swift; sourceTree = "<group>"; };
/* End PBXFileReference section */

/* Begin PBXFrameworksBuildPhase section */
		52605B352020AD21007367BE /* Frameworks */ = {
			isa = PBXFrameworksBuildPhase;
			buildActionMask = 2147483647;
			files = (
			);
			runOnlyForDeploymentPostprocessing = 0;
		};
/* End PBXFrameworksBuildPhase section */

/* Begin PBXGroup section */
		52605B2F2020AD20007367BE = {
			isa = PBXGroup;
			children = (
				52605B3A2020AD21007367BE /* ImageEditor */,
				52605B392020AD21007367BE /* Products */,
			);
			sourceTree = "<group>";
		};
		52605B392020AD21007367BE /* Products */ = {
			isa = PBXGroup;
			children = (
				52605B382020AD21007367BE /* ImageEditor.app */,
			);
			name = Products;
			sourceTree = "<group>";
		};
		52605B3A2020AD21007367BE /* ImageEditor */ = {
			isa = PBXGroup;
			children = (
				52605B4D2020AD4E007367BE /* IE_ViewControllers */,
				5282B1B120271FCD00B944F6 /* IE_Cells */,
				52605B3B2020AD21007367BE /* AppDelegate.swift */,
				52605B3F2020AD21007367BE /* Main.storyboard */,
				52605B422020AD21007367BE /* Assets.xcassets */,
				52605B442020AD21007367BE /* LaunchScreen.storyboard */,
				52605B472020AD21007367BE /* Info.plist */,
			);
			path = ImageEditor;
			sourceTree = "<group>";
		};
		52605B4D2020AD4E007367BE /* IE_ViewControllers */ = {
			isa = PBXGroup;
			children = (
				52605B3D2020AD21007367BE /* IEMainVC.swift */,
				52E15EEA2022843800C9B17C /* IEEditViewVC.swift */,
			);
			path = IE_ViewControllers;
			sourceTree = "<group>";
		};
		5282B1B120271FCD00B944F6 /* IE_Cells */ = {
			isa = PBXGroup;
			children = (
				52605B4E2020C420007367BE /* IEImageCell.swift */,
				52E15EE82022831400C9B17C /* IEFilterExampleCell.swift */,
			);
			path = IE_Cells;
			sourceTree = "<group>";
		};
/* End PBXGroup section */

/* Begin PBXNativeTarget section */
		52605B372020AD21007367BE /* ImageEditor */ = {
			isa = PBXNativeTarget;
			buildConfigurationList = 52605B4A2020AD21007367BE /* Build configuration list for PBXNativeTarget "ImageEditor" */;
			buildPhases = (
				52605B342020AD21007367BE /* Sources */,
				52605B352020AD21007367BE /* Frameworks */,
				52605B362020AD21007367BE /* Resources */,
			);
			buildRules = (
			);
			dependencies = (
			);
			name = ImageEditor;
			productName = ImageEditor;
			productReference = 52605B382020AD21007367BE /* ImageEditor.app */;
			productType = "com.apple.product-type.application";
		};
/* End PBXNativeTarget section */

/* Begin PBXProject section */
		52605B302020AD20007367BE /* Project object */ = {
			isa = PBXProject;
			attributes = {
				LastSwiftUpdateCheck = 0920;
				LastUpgradeCheck = 0920;
				ORGANIZATIONNAME = "Smiles Dev";
				TargetAttributes = {
					52605B372020AD21007367BE = {
						CreatedOnToolsVersion = 9.2;
						ProvisioningStyle = Automatic;
					};
				};
			};
			buildConfigurationList = 52605B332020AD20007367BE /* Build configuration list for PBXProject "ImageEditor" */;
			compatibilityVersion = "Xcode 8.0";
			developmentRegion = en;
			hasScannedForEncodings = 0;
			knownRegions = (
				en,
				Base,
			);
			mainGroup = 52605B2F2020AD20007367BE;
			productRefGroup = 52605B392020AD21007367BE /* Products */;
			projectDirPath = "";
			projectRoot = "";
			targets = (
				52605B372020AD21007367BE /* ImageEditor */,
			);
		};
/* End PBXProject section */

/* Begin PBXResourcesBuildPhase section */
		52605B362020AD21007367BE /* Resources */ = {
			isa = PBXResourcesBuildPhase;
			buildActionMask = 2147483647;
			files = (
				52605B462020AD21007367BE /* LaunchScreen.storyboard in Resources */,
				52605B432020AD21007367BE /* Assets.xcassets in Resources */,
				52605B412020AD21007367BE /* Main.storyboard in Resources */,
			);
			runOnlyForDeploymentPostprocessing = 0;
		};
/* End PBXResourcesBuildPhase section */

/* Begin PBXSourcesBuildPhase section */
		52605B342020AD21007367BE /* Sources */ = {
			isa = PBXSourcesBuildPhase;
			buildActionMask = 2147483647;
			files = (
				52E15EE92022831400C9B17C /* IEFilterExampleCell.swift in Sources */,
				52605B4F2020C420007367BE /* IEImageCell.swift in Sources */,
				52605B3E2020AD21007367BE /* IEMainVC.swift in Sources */,
				52E15EEB2022843800C9B17C /* IEEditViewVC.swift in Sources */,
				52605B3C2020AD21007367BE /* AppDelegate.swift in Sources */,
			);
			runOnlyForDeploymentPostprocessing = 0;
		};
/* End PBXSourcesBuildPhase section */

/* Begin PBXVariantGroup section */
		52605B3F2020AD21007367BE /* Main.storyboard */ = {
			isa = PBXVariantGroup;
			children = (
				52605B402020AD21007367BE /* Base */,
			);
			name = Main.storyboard;
			sourceTree = "<group>";
		};
		52605B442020AD21007367BE /* LaunchScreen.storyboard */ = {
			isa = PBXVariantGroup;
			children = (
				52605B452020AD21007367BE /* Base */,
			);
			name = LaunchScreen.storyboard;
			sourceTree = "<group>";
		};
/* End PBXVariantGroup section */

/* Begin XCBuildConfiguration section */
		52605B482020AD21007367BE /* Debug */ = {
			isa = XCBuildConfiguration;
			buildSettings = {
				ALWAYS_SEARCH_USER_PATHS = NO;
				CLANG_ANALYZER_NONNULL = YES;
				CLANG_ANALYZER_NUMBER_OBJECT_CONVERSION = YES_AGGRESSIVE;
				CLANG_CXX_LANGUAGE_STANDARD = "gnu++14";
				CLANG_CXX_LIBRARY = "libc++";
				CLANG_ENABLE_MODULES = YES;
				CLANG_ENABLE_OBJC_ARC = YES;
				CLANG_WARN_BLOCK_CAPTURE_AUTORELEASING = YES;
				CLANG_WARN_BOOL_CONVERSION = YES;
				CLANG_WARN_COMMA = YES;
				CLANG_WARN_CONSTANT_CONVERSION = YES;
				CLANG_WARN_DIRECT_OBJC_ISA_USAGE = YES_ERROR;
				CLANG_WARN_DOCUMENTATION_COMMENTS = YES;
				CLANG_WARN_EMPTY_BODY = YES;
				CLANG_WARN_ENUM_CONVERSION = YES;
				CLANG_WARN_INFINITE_RECURSION = YES;
				CLANG_WARN_INT_CONVERSION = YES;
				CLANG_WARN_NON_LITERAL_NULL_CONVERSION = YES;
				CLANG_WARN_OBJC_LITERAL_CONVERSION = YES;
				CLANG_WARN_OBJC_ROOT_CLASS = YES_ERROR;
				CLANG_WARN_RANGE_LOOP_ANALYSIS = YES;
				CLANG_WARN_STRICT_PROTOTYPES = YES;
				CLANG_WARN_SUSPICIOUS_MOVE = YES;
				CLANG_WARN_UNGUARDED_AVAILABILITY = YES_AGGRESSIVE;
				CLANG_WARN_UNREACHABLE_CODE = YES;
				CLANG_WARN__DUPLICATE_METHOD_MATCH = YES;
				CODE_SIGN_IDENTITY = "iPhone Developer";
				COPY_PHASE_STRIP = NO;
				DEBUG_INFORMATION_FORMAT = dwarf;
				ENABLE_STRICT_OBJC_MSGSEND = YES;
				ENABLE_TESTABILITY = YES;
				GCC_C_LANGUAGE_STANDARD = gnu11;
				GCC_DYNAMIC_NO_PIC = NO;
				GCC_NO_COMMON_BLOCKS = YES;
				GCC_OPTIMIZATION_LEVEL = 0;
				GCC_PREPROCESSOR_DEFINITIONS = (
					"DEBUG=1",
					"$(inherited)",
				);
				GCC_WARN_64_TO_32_BIT_CONVERSION = YES;
				GCC_WARN_ABOUT_RETURN_TYPE = YES_ERROR;
				GCC_WARN_UNDECLARED_SELECTOR = YES;
				GCC_WARN_UNINITIALIZED_AUTOS = YES_AGGRESSIVE;
				GCC_WARN_UNUSED_FUNCTION = YES;
				GCC_WARN_UNUSED_VARIABLE = YES;
				IPHONEOS_DEPLOYMENT_TARGET = 11.2;
				MTL_ENABLE_DEBUG_INFO = YES;
				ONLY_ACTIVE_ARCH = YES;
				SDKROOT = iphoneos;
				SWIFT_ACTIVE_COMPILATION_CONDITIONS = DEBUG;
				SWIFT_OPTIMIZATION_LEVEL = "-Onone";
			};
			name = Debug;
		};
		52605B492020AD21007367BE /* Release */ = {
			isa = XCBuildConfiguration;
			buildSettings = {
				ALWAYS_SEARCH_USER_PATHS = NO;
				CLANG_ANALYZER_NONNULL = YES;
				CLANG_ANALYZER_NUMBER_OBJECT_CONVERSION = YES_AGGRESSIVE;
				CLANG_CXX_LANGUAGE_STANDARD = "gnu++14";
				CLANG_CXX_LIBRARY = "libc++";
				CLANG_ENABLE_MODULES = YES;
				CLANG_ENABLE_OBJC_ARC = YES;
				CLANG_WARN_BLOCK_CAPTURE_AUTORELEASING = YES;
				CLANG_WARN_BOOL_CONVERSION = YES;
				CLANG_WARN_COMMA = YES;
				CLANG_WARN_CONSTANT_CONVERSION = YES;
				CLANG_WARN_DIRECT_OBJC_ISA_USAGE = YES_ERROR;
				CLANG_WARN_DOCUMENTATION_COMMENTS = YES;
				CLANG_WARN_EMPTY_BODY = YES;
				CLANG_WARN_ENUM_CONVERSION = YES;
				CLANG_WARN_INFINITE_RECURSION = YES;
				CLANG_WARN_INT_CONVERSION = YES;
				CLANG_WARN_NON_LITERAL_NULL_CONVERSION = YES;
				CLANG_WARN_OBJC_LITERAL_CONVERSION = YES;
				CLANG_WARN_OBJC_ROOT_CLASS = YES_ERROR;
				CLANG_WARN_RANGE_LOOP_ANALYSIS = YES;
				CLANG_WARN_STRICT_PROTOTYPES = YES;
				CLANG_WARN_SUSPICIOUS_MOVE = YES;
				CLANG_WARN_UNGUARDED_AVAILABILITY = YES_AGGRESSIVE;
				CLANG_WARN_UNREACHABLE_CODE = YES;
				CLANG_WARN__DUPLICATE_METHOD_MATCH = YES;
				CODE_SIGN_IDENTITY = "iPhone Developer";
				COPY_PHASE_STRIP = NO;
				DEBUG_INFORMATION_FORMAT = "dwarf-with-dsym";
				ENABLE_NS_ASSERTIONS = NO;
				ENABLE_STRICT_OBJC_MSGSEND = YES;
				GCC_C_LANGUAGE_STANDARD = gnu11;
				GCC_NO_COMMON_BLOCKS = YES;
				GCC_WARN_64_TO_32_BIT_CONVERSION = YES;
				GCC_WARN_ABOUT_RETURN_TYPE = YES_ERROR;
				GCC_WARN_UNDECLARED_SELECTOR = YES;
				GCC_WARN_UNINITIALIZED_AUTOS = YES_AGGRESSIVE;
				GCC_WARN_UNUSED_FUNCTION = YES;
				GCC_WARN_UNUSED_VARIABLE = YES;
				IPHONEOS_DEPLOYMENT_TARGET = 11.2;
				MTL_ENABLE_DEBUG_INFO = NO;
				SDKROOT = iphoneos;
				SWIFT_OPTIMIZATION_LEVEL = "-Owholemodule";
				VALIDATE_PRODUCT = YES;
			};
			name = Release;
		};
		52605B4B2020AD21007367BE /* Debug */ = {
			isa = XCBuildConfiguration;
			buildSettings = {
				ASSETCATALOG_COMPILER_APPICON_NAME = AppIcon;
				CODE_SIGN_STYLE = Automatic;
				DEVELOPMENT_TEAM = P7RXLQJ55N;
				INFOPLIST_FILE = ImageEditor/Info.plist;
				LD_RUNPATH_SEARCH_PATHS = "$(inherited) @executable_path/Frameworks";
				PRODUCT_BUNDLE_IDENTIFIER = com.SmilesDev.ImageEditor;
				PRODUCT_NAME = "$(TARGET_NAME)";
				SWIFT_VERSION = 4.0;
				TARGETED_DEVICE_FAMILY = "1,2";
			};
			name = Debug;
		};
		52605B4C2020AD21007367BE /* Release */ = {
			isa = XCBuildConfiguration;
			buildSettings = {
				ASSETCATALOG_COMPILER_APPICON_NAME = AppIcon;
				CODE_SIGN_STYLE = Automatic;
				DEVELOPMENT_TEAM = P7RXLQJ55N;
				INFOPLIST_FILE = ImageEditor/Info.plist;
				LD_RUNPATH_SEARCH_PATHS = "$(inherited) @executable_path/Frameworks";
				PRODUCT_BUNDLE_IDENTIFIER = com.SmilesDev.ImageEditor;
				PRODUCT_NAME = "$(TARGET_NAME)";
				SWIFT_VERSION = 4.0;
				TARGETED_DEVICE_FAMILY = "1,2";
			};
			name = Release;
		};
/* End XCBuildConfiguration section */

/* Begin XCConfigurationList section */
		52605B332020AD20007367BE /* Build configuration list for PBXProject "ImageEditor" */ = {
			isa = XCConfigurationList;
			buildConfigurations = (
				52605B482020AD21007367BE /* Debug */,
				52605B492020AD21007367BE /* Release */,
			);
			defaultConfigurationIsVisible = 0;
			defaultConfigurationName = Release;
		};
		52605B4A2020AD21007367BE /* Build configuration list for PBXNativeTarget "ImageEditor" */ = {
			isa = XCConfigurationList;
			buildConfigurations = (
				52605B4B2020AD21007367BE /* Debug */,
				52605B4C2020AD21007367BE /* Release */,
			);
			defaultConfigurationIsVisible = 0;
			defaultConfigurationName = Release;
		};
/* End XCConfigurationList section */
	};
	rootObject = 52605B302020AD20007367BE /* Project object */;
}
